
Microsoft Visual Studio Solution File, Format Version 12.00
# Visual Studio Version 16
VisualStudioVersion = 16.0.31613.86
MinimumVisualStudioVersion = 10.0.40219.1
Project("{9A19103F-16F7-4668-BE54-9A1E7A4F7556}") = "Challenge1", "Challenge1\Challenge1.csproj", "{DF7C089D-5B5E-49E7-BC2A-1726A2C1FA96}"
EndProject
Project("{FAE04EC0-301F-11D3-BF4B-00C04F79EFBC}") = "Gradebook", "Gradebook\Gradebook.csproj", "{E2D76FD8-CBE7-4124-AA38-4CFAD0BDF7E0}"
EndProject
Global
	GlobalSection(SolutionConfigurationPlatforms) = preSolution
		Debug|Any CPU = Debug|Any CPU
		Release|Any CPU = Release|Any CPU
	EndGlobalSection
	GlobalSection(ProjectConfigurationPlatforms) = postSolution
		{DF7C089D-5B5E-49E7-BC2A-1726A2C1FA96}.Debug|Any CPU.ActiveCfg = Debug|Any CPU
		{DF7C089D-5B5E-49E7-BC2A-1726A2C1FA96}.Debug|Any CPU.Build.0 = Debug|Any CPU
		{DF7C089D-5B5E-49E7-BC2A-1726A2C1FA96}.Release|Any CPU.ActiveCfg = Release|Any CPU
		{DF7C089D-5B5E-49E7-BC2A-1726A2C1FA96}.Release|Any CPU.Build.0 = Release|Any CPU
		{E2D76FD8-CBE7-4124-AA38-4CFAD0BDF7E0}.Debug|Any CPU.ActiveCfg = Debug|Any CPU
		{E2D76FD8-CBE7-4124-AA38-4CFAD0BDF7E0}.Debug|Any CPU.Build.0 = Debug|Any CPU
		{E2D76FD8-CBE7-4124-AA38-4CFAD0BDF7E0}.Release|Any CPU.ActiveCfg = Release|Any CPU
		{E2D76FD8-CBE7-4124-AA38-4CFAD0BDF7E0}.Release|Any CPU.Build.0 = Release|Any CPU
	EndGlobalSection
	GlobalSection(SolutionProperties) = preSolution
		HideSolutionNode = FALSE
	EndGlobalSection
	GlobalSection(ExtensibilityGlobals) = postSolution
		SolutionGuid = {87F54E6A-5ABD-45EC-B104-36F787B23376}
	EndGlobalSection
EndGlobal
